
Microsoft Visual Studio Solution File, Format Version 12.00
# Visual Studio Version 17
VisualStudioVersion = 17.2.32616.157
MinimumVisualStudioVersion = 10.0.40219.1
Project("{9A19103F-16F7-4668-BE54-9A1E7A4F7556}") = "ChatDurationPlus", "ChatDurationPlus.csproj", "{D9EF5604-6DDC-44F2-86A8-943E0294C93B}"
EndProject
Global
	GlobalSection(SolutionConfigurationPlatforms) = preSolution
		Debug|Any CPU = Debug|Any CPU
		Release|Any CPU = Release|Any CPU
	EndGlobalSection
	GlobalSection(ProjectConfigurationPlatforms) = postSolution
		{D9EF5604-6DDC-44F2-86A8-943E0294C93B}.Debug|Any CPU.ActiveCfg = Debug|Any CPU
		{D9EF5604-6DDC-44F2-86A8-943E0294C93B}.Debug|Any CPU.Build.0 = Debug|Any CPU
		{D9EF5604-6DDC-44F2-86A8-943E0294C93B}.Release|Any CPU.ActiveCfg = Release|Any CPU
		{D9EF5604-6DDC-44F2-86A8-943E0294C93B}.Release|Any CPU.Build.0 = Release|Any CPU
	EndGlobalSection
	GlobalSection(SolutionProperties) = preSolution
		HideSolutionNode = FALSE
	EndGlobalSection
	GlobalSection(ExtensibilityGlobals) = postSolution
		SolutionGuid = {94AE7C15-ED0F-4287-B94A-159F22BD9B28}
	EndGlobalSection
EndGlobal
